{
  "name": "dictionary",
  "version": "1.0.0",
  "lockfileVersion": 2,
  "requires": true,
  "packages": {
    "": {
      "name": "dictionary",
      "version": "1.0.0",
      "license": "MIT",
      "dependencies": {
        "@derock.ir/words-frequency": "^1.1.0"
      }
    },
    "node_modules/@derock.ir/words-frequency": {
      "version": "1.1.0",
      "resolved": "https://registry.npmjs.org/@derock.ir/words-frequency/-/words-frequency-1.1.0.tgz",
      "integrity": "sha512-w1atYocHTviWj57TK0JUCwWHdJK0+vzlMft9y7/FdAZEaZNemK0uNdyaSI01XtFqzwKpO6o3J8vlRXdQJx/TCg=="
    }
  },
  "dependencies": {
    "@derock.ir/words-frequency": {
      "version": "1.1.0",
      "resolved": "https://registry.npmjs.org/@derock.ir/words-frequency/-/words-frequency-1.1.0.tgz",
      "integrity": "sha512-w1atYocHTviWj57TK0JUCwWHdJK0+vzlMft9y7/FdAZEaZNemK0uNdyaSI01XtFqzwKpO6o3J8vlRXdQJx/TCg=="
    }
  }
}
